
Microsoft Visual Studio Solution File, Format Version 12.00
# Visual Studio Version 16
VisualStudioVersion = 16.0.31129.286
MinimumVisualStudioVersion = 10.0.40219.1
Project("{FAE04EC0-301F-11D3-BF4B-00C04F79EFBC}") = "Amazing", "Amazing\Amazing.csproj", "{A2CA55A5-158C-48C7-910C-7D0FED56270C}"
EndProject
Global
	GlobalSection(SolutionConfigurationPlatforms) = preSolution
		Debug|Any CPU = Debug|Any CPU
		Release|Any CPU = Release|Any CPU
	EndGlobalSection
	GlobalSection(ProjectConfigurationPlatforms) = postSolution
		{A2CA55A5-158C-48C7-910C-7D0FED56270C}.Debug|Any CPU.ActiveCfg = Debug|Any CPU
		{A2CA55A5-158C-48C7-910C-7D0FED56270C}.Debug|Any CPU.Build.0 = Debug|Any CPU
		{A2CA55A5-158C-48C7-910C-7D0FED56270C}.Release|Any CPU.ActiveCfg = Release|Any CPU
		{A2CA55A5-158C-48C7-910C-7D0FED56270C}.Release|Any CPU.Build.0 = Release|Any CPU
	EndGlobalSection
	GlobalSection(SolutionProperties) = preSolution
		HideSolutionNode = FALSE
	EndGlobalSection
	GlobalSection(ExtensibilityGlobals) = postSolution
		SolutionGuid = {00E11E6F-DF22-480C-9A81-82FBD4B778C6}
	EndGlobalSection
EndGlobal
